// !$*UTF8*$!
{
	archiveVersion = 1;
	classes = {
	};
	objectVersion = 51;
	objects = {

/* Begin PBXBuildFile section */
		E74ACF4422DC417600B072D9 /* HomePresenter.swift in Sources */ = {isa = PBXBuildFile; fileRef = E7ED440622D713BB00E04475 /* HomePresenter.swift */; };
		E7C7AA1022D43DC300838767 /* AppDelegate.swift in Sources */ = {isa = PBXBuildFile; fileRef = E7C7AA0F22D43DC300838767 /* AppDelegate.swift */; };
		E7C7AA1222D43DC300838767 /* ViewController.swift in Sources */ = {isa = PBXBuildFile; fileRef = E7C7AA1122D43DC300838767 /* ViewController.swift */; };
		E7C7AA1522D43DC300838767 /* Main.storyboard in Resources */ = {isa = PBXBuildFile; fileRef = E7C7AA1322D43DC300838767 /* Main.storyboard */; };
		E7C7AA1722D43DC500838767 /* Assets.xcassets in Resources */ = {isa = PBXBuildFile; fileRef = E7C7AA1622D43DC500838767 /* Assets.xcassets */; };
		E7C7AA1A22D43DC500838767 /* LaunchScreen.storyboard in Resources */ = {isa = PBXBuildFile; fileRef = E7C7AA1822D43DC500838767 /* LaunchScreen.storyboard */; };
		E7C7AA2522D43DC500838767 /* BrastlewarkTests.swift in Sources */ = {isa = PBXBuildFile; fileRef = E7C7AA2422D43DC500838767 /* BrastlewarkTests.swift */; };
		E7C7AA3722D4412E00838767 /* HTTPMethod.swift in Sources */ = {isa = PBXBuildFile; fileRef = E7C7AA3622D4412E00838767 /* HTTPMethod.swift */; };
		E7C7AA3922D4417400838767 /* HTTPTask.swift in Sources */ = {isa = PBXBuildFile; fileRef = E7C7AA3822D4417300838767 /* HTTPTask.swift */; };
		E7C7AA3B22D4430500838767 /* ParameterEncoding.swift in Sources */ = {isa = PBXBuildFile; fileRef = E7C7AA3A22D4430500838767 /* ParameterEncoding.swift */; };
		E7C7AA4422D446F000838767 /* Router.swift in Sources */ = {isa = PBXBuildFile; fileRef = E7C7AA4322D446F000838767 /* Router.swift */; };
		E7C7AA4622D44E2C00838767 /* NetworkManager.swift in Sources */ = {isa = PBXBuildFile; fileRef = E7C7AA4522D44E2C00838767 /* NetworkManager.swift */; };
		E7C7AA4822D44EE000838767 /* GnomesAPI.swift in Sources */ = {isa = PBXBuildFile; fileRef = E7C7AA4722D44EE000838767 /* GnomesAPI.swift */; };
		E7C7AA4B22D4513400838767 /* GnomesModel.swift in Sources */ = {isa = PBXBuildFile; fileRef = E7C7AA4A22D4513400838767 /* GnomesModel.swift */; };
		E7D86B1822D6E04A00B0C86F /* JSONParameterEncoder.swift in Sources */ = {isa = PBXBuildFile; fileRef = E7D86B1722D6E04A00B0C86F /* JSONParameterEncoder.swift */; };
		E7D86B1A22D6E36300B0C86F /* Routable.swift in Sources */ = {isa = PBXBuildFile; fileRef = E7D86B1922D6E36300B0C86F /* Routable.swift */; };
		E7ED43F722D706A200E04475 /* LoadableViewController.swift in Sources */ = {isa = PBXBuildFile; fileRef = E7ED43F622D706A200E04475 /* LoadableViewController.swift */; };
		E7ED440122D711EE00E04475 /* HomeViewController.swift in Sources */ = {isa = PBXBuildFile; fileRef = E7ED440022D711EE00E04475 /* HomeViewController.swift */; };
		E7ED440322D7121E00E04475 /* GnomeViewCell.swift in Sources */ = {isa = PBXBuildFile; fileRef = E7ED440222D7121E00E04475 /* GnomeViewCell.swift */; };
		E7ED440522D7125800E04475 /* HomeInteractor.swift in Sources */ = {isa = PBXBuildFile; fileRef = E7ED440422D7125800E04475 /* HomeInteractor.swift */; };
		E7ED440722D713BB00E04475 /* HomePresenter.swift in Sources */ = {isa = PBXBuildFile; fileRef = E7ED440622D713BB00E04475 /* HomePresenter.swift */; };
		E7ED440922D713C800E04475 /* HomeWireframe.swift in Sources */ = {isa = PBXBuildFile; fileRef = E7ED440822D713C800E04475 /* HomeWireframe.swift */; };
		E7ED440B22D713EF00E04475 /* HomeProtocols.swift in Sources */ = {isa = PBXBuildFile; fileRef = E7ED440A22D713EF00E04475 /* HomeProtocols.swift */; };
		E7ED440D22D7141100E04475 /* GnomeViewModel.swift in Sources */ = {isa = PBXBuildFile; fileRef = E7ED440C22D7141100E04475 /* GnomeViewModel.swift */; };
		E7ED440F22D7148500E04475 /* ErrorHandling.swift in Sources */ = {isa = PBXBuildFile; fileRef = E7ED440E22D7148500E04475 /* ErrorHandling.swift */; };
		E7ED441122D71AAE00E04475 /* GnomeCardViewModel.swift in Sources */ = {isa = PBXBuildFile; fileRef = E7ED441022D71AAE00E04475 /* GnomeCardViewModel.swift */; };
		E7ED441522D85E9700E04475 /* Home.storyboard in Resources */ = {isa = PBXBuildFile; fileRef = E7ED441422D85E9700E04475 /* Home.storyboard */; };
		F3E81245FF56E265CE7AB429 /* Pods_Brastlewark.framework in Frameworks */ = {isa = PBXBuildFile; fileRef = 9636A03731920522E772F8DD /* Pods_Brastlewark.framework */; };
/* End PBXBuildFile section */

/* Begin PBXContainerItemProxy section */
		E7C7AA2122D43DC500838767 /* PBXContainerItemProxy */ = {
			isa = PBXContainerItemProxy;
			containerPortal = E7C7AA0422D43DC300838767 /* Project object */;
			proxyType = 1;
			remoteGlobalIDString = E7C7AA0B22D43DC300838767;
			remoteInfo = Brastlewark;
		};
/* End PBXContainerItemProxy section */

/* Begin PBXFileReference section */
		6FD708F38C44F75B435DF332 /* Pods-Brastlewark.debug.xcconfig */ = {isa = PBXFileReference; includeInIndex = 1; lastKnownFileType = text.xcconfig; name = "Pods-Brastlewark.debug.xcconfig"; path = "Target Support Files/Pods-Brastlewark/Pods-Brastlewark.debug.xcconfig"; sourceTree = "<group>"; };
		9636A03731920522E772F8DD /* Pods_Brastlewark.framework */ = {isa = PBXFileReference; explicitFileType = wrapper.framework; includeInIndex = 0; path = Pods_Brastlewark.framework; sourceTree = BUILT_PRODUCTS_DIR; };
		C299083E6322DCD118D031D1 /* Pods-Brastlewark.release.xcconfig */ = {isa = PBXFileReference; includeInIndex = 1; lastKnownFileType = text.xcconfig; name = "Pods-Brastlewark.release.xcconfig"; path = "Target Support Files/Pods-Brastlewark/Pods-Brastlewark.release.xcconfig"; sourceTree = "<group>"; };
		E7C7AA0C22D43DC300838767 /* Brastlewark.app */ = {isa = PBXFileReference; explicitFileType = wrapper.application; includeInIndex = 0; path = Brastlewark.app; sourceTree = BUILT_PRODUCTS_DIR; };
		E7C7AA0F22D43DC300838767 /* AppDelegate.swift */ = {isa = PBXFileReference; lastKnownFileType = sourcecode.swift; path = AppDelegate.swift; sourceTree = "<group>"; };
		E7C7AA1122D43DC300838767 /* ViewController.swift */ = {isa = PBXFileReference; lastKnownFileType = sourcecode.swift; path = ViewController.swift; sourceTree = "<group>"; };
		E7C7AA1422D43DC300838767 /* Base */ = {isa = PBXFileReference; lastKnownFileType = file.storyboard; name = Base; path = Base.lproj/Main.storyboard; sourceTree = "<group>"; };
		E7C7AA1622D43DC500838767 /* Assets.xcassets */ = {isa = PBXFileReference; lastKnownFileType = folder.assetcatalog; path = Assets.xcassets; sourceTree = "<group>"; };
		E7C7AA1922D43DC500838767 /* Base */ = {isa = PBXFileReference; lastKnownFileType = file.storyboard; name = Base; path = Base.lproj/LaunchScreen.storyboard; sourceTree = "<group>"; };
		E7C7AA1B22D43DC500838767 /* Info.plist */ = {isa = PBXFileReference; lastKnownFileType = text.plist.xml; path = Info.plist; sourceTree = "<group>"; };
		E7C7AA2022D43DC500838767 /* BrastlewarkTests.xctest */ = {isa = PBXFileReference; explicitFileType = wrapper.cfbundle; includeInIndex = 0; path = BrastlewarkTests.xctest; sourceTree = BUILT_PRODUCTS_DIR; };
		E7C7AA2422D43DC500838767 /* BrastlewarkTests.swift */ = {isa = PBXFileReference; lastKnownFileType = sourcecode.swift; path = BrastlewarkTests.swift; sourceTree = "<group>"; };
		E7C7AA2622D43DC500838767 /* Info.plist */ = {isa = PBXFileReference; lastKnownFileType = text.plist.xml; path = Info.plist; sourceTree = "<group>"; };
		E7C7AA3622D4412E00838767 /* HTTPMethod.swift */ = {isa = PBXFileReference; lastKnownFileType = sourcecode.swift; path = HTTPMethod.swift; sourceTree = "<group>"; };
		E7C7AA3822D4417300838767 /* HTTPTask.swift */ = {isa = PBXFileReference; lastKnownFileType = sourcecode.swift; path = HTTPTask.swift; sourceTree = "<group>"; };
		E7C7AA3A22D4430500838767 /* ParameterEncoding.swift */ = {isa = PBXFileReference; lastKnownFileType = sourcecode.swift; path = ParameterEncoding.swift; sourceTree = "<group>"; };
		E7C7AA4322D446F000838767 /* Router.swift */ = {isa = PBXFileReference; lastKnownFileType = sourcecode.swift; path = Router.swift; sourceTree = "<group>"; };
		E7C7AA4522D44E2C00838767 /* NetworkManager.swift */ = {isa = PBXFileReference; lastKnownFileType = sourcecode.swift; path = NetworkManager.swift; sourceTree = "<group>"; };
		E7C7AA4722D44EE000838767 /* GnomesAPI.swift */ = {isa = PBXFileReference; lastKnownFileType = sourcecode.swift; path = GnomesAPI.swift; sourceTree = "<group>"; };
		E7C7AA4A22D4513400838767 /* GnomesModel.swift */ = {isa = PBXFileReference; lastKnownFileType = sourcecode.swift; path = GnomesModel.swift; sourceTree = "<group>"; };
		E7D86B1722D6E04A00B0C86F /* JSONParameterEncoder.swift */ = {isa = PBXFileReference; lastKnownFileType = sourcecode.swift; path = JSONParameterEncoder.swift; sourceTree = "<group>"; };
		E7D86B1922D6E36300B0C86F /* Routable.swift */ = {isa = PBXFileReference; lastKnownFileType = sourcecode.swift; path = Routable.swift; sourceTree = "<group>"; };
		E7ED43F622D706A200E04475 /* LoadableViewController.swift */ = {isa = PBXFileReference; lastKnownFileType = sourcecode.swift; path = LoadableViewController.swift; sourceTree = "<group>"; };
		E7ED440022D711EE00E04475 /* HomeViewController.swift */ = {isa = PBXFileReference; lastKnownFileType = sourcecode.swift; path = HomeViewController.swift; sourceTree = "<group>"; };
		E7ED440222D7121E00E04475 /* GnomeViewCell.swift */ = {isa = PBXFileReference; lastKnownFileType = sourcecode.swift; path = GnomeViewCell.swift; sourceTree = "<group>"; };
		E7ED440422D7125800E04475 /* HomeInteractor.swift */ = {isa = PBXFileReference; lastKnownFileType = sourcecode.swift; path = HomeInteractor.swift; sourceTree = "<group>"; };
		E7ED440622D713BB00E04475 /* HomePresenter.swift */ = {isa = PBXFileReference; lastKnownFileType = sourcecode.swift; path = HomePresenter.swift; sourceTree = "<group>"; };
		E7ED440822D713C800E04475 /* HomeWireframe.swift */ = {isa = PBXFileReference; lastKnownFileType = sourcecode.swift; path = HomeWireframe.swift; sourceTree = "<group>"; };
		E7ED440A22D713EF00E04475 /* HomeProtocols.swift */ = {isa = PBXFileReference; lastKnownFileType = sourcecode.swift; path = HomeProtocols.swift; sourceTree = "<group>"; };
		E7ED440C22D7141100E04475 /* GnomeViewModel.swift */ = {isa = PBXFileReference; lastKnownFileType = sourcecode.swift; path = GnomeViewModel.swift; sourceTree = "<group>"; };
		E7ED440E22D7148500E04475 /* ErrorHandling.swift */ = {isa = PBXFileReference; lastKnownFileType = sourcecode.swift; path = ErrorHandling.swift; sourceTree = "<group>"; };
		E7ED441022D71AAE00E04475 /* GnomeCardViewModel.swift */ = {isa = PBXFileReference; lastKnownFileType = sourcecode.swift; path = GnomeCardViewModel.swift; sourceTree = "<group>"; };
		E7ED441422D85E9700E04475 /* Home.storyboard */ = {isa = PBXFileReference; lastKnownFileType = file.storyboard; path = Home.storyboard; sourceTree = "<group>"; };
/* End PBXFileReference section */

/* Begin PBXFrameworksBuildPhase section */
		E7C7AA0922D43DC300838767 /* Frameworks */ = {
			isa = PBXFrameworksBuildPhase;
			buildActionMask = 2147483647;
			files = (
				F3E81245FF56E265CE7AB429 /* Pods_Brastlewark.framework in Frameworks */,
			);
			runOnlyForDeploymentPostprocessing = 0;
		};
		E7C7AA1D22D43DC500838767 /* Frameworks */ = {
			isa = PBXFrameworksBuildPhase;
			buildActionMask = 2147483647;
			files = (
			);
			runOnlyForDeploymentPostprocessing = 0;
		};
/* End PBXFrameworksBuildPhase section */

/* Begin PBXGroup section */
		21468CA6DB5AD19F357E84D7 /* Frameworks */ = {
			isa = PBXGroup;
			children = (
				9636A03731920522E772F8DD /* Pods_Brastlewark.framework */,
			);
			name = Frameworks;
			sourceTree = "<group>";
		};
		B2401ADD096577961D1E72DB /* Pods */ = {
			isa = PBXGroup;
			children = (
				6FD708F38C44F75B435DF332 /* Pods-Brastlewark.debug.xcconfig */,
				C299083E6322DCD118D031D1 /* Pods-Brastlewark.release.xcconfig */,
			);
			path = Pods;
			sourceTree = "<group>";
		};
		E7C7AA0322D43DC300838767 = {
			isa = PBXGroup;
			children = (
				E7C7AA0E22D43DC300838767 /* Brastlewark */,
				E7C7AA2322D43DC500838767 /* BrastlewarkTests */,
				E7C7AA0D22D43DC300838767 /* Products */,
				B2401ADD096577961D1E72DB /* Pods */,
				21468CA6DB5AD19F357E84D7 /* Frameworks */,
			);
			sourceTree = "<group>";
		};
		E7C7AA0D22D43DC300838767 /* Products */ = {
			isa = PBXGroup;
			children = (
				E7C7AA0C22D43DC300838767 /* Brastlewark.app */,
				E7C7AA2022D43DC500838767 /* BrastlewarkTests.xctest */,
			);
			name = Products;
			sourceTree = "<group>";
		};
		E7C7AA0E22D43DC300838767 /* Brastlewark */ = {
			isa = PBXGroup;
			children = (
				E7ED43F822D7070800E04475 /* Modules */,
				E7ED43F522D7066A00E04475 /* Common */,
				E7C7AA4922D4510200838767 /* Models */,
				E7C7AA2F22D43FC200838767 /* Networking */,
				E7C7AA0F22D43DC300838767 /* AppDelegate.swift */,
				E7C7AA1122D43DC300838767 /* ViewController.swift */,
				E7C7AA1322D43DC300838767 /* Main.storyboard */,
				E7C7AA1622D43DC500838767 /* Assets.xcassets */,
				E7C7AA1822D43DC500838767 /* LaunchScreen.storyboard */,
				E7C7AA1B22D43DC500838767 /* Info.plist */,
			);
			path = Brastlewark;
			sourceTree = "<group>";
		};
		E7C7AA2322D43DC500838767 /* BrastlewarkTests */ = {
			isa = PBXGroup;
			children = (
				E7C7AA2422D43DC500838767 /* BrastlewarkTests.swift */,
				E7C7AA2622D43DC500838767 /* Info.plist */,
			);
			path = BrastlewarkTests;
			sourceTree = "<group>";
		};
		E7C7AA2F22D43FC200838767 /* Networking */ = {
			isa = PBXGroup;
			children = (
				E7C7AA3322D43FFF00838767 /* Encoding */,
				E7C7AA3222D43FF700838767 /* Service */,
				E7C7AA3122D43FE200838767 /* Manager */,
				E7C7AA3022D43FD500838767 /* EndPoint */,
			);
			path = Networking;
			sourceTree = "<group>";
		};
		E7C7AA3022D43FD500838767 /* EndPoint */ = {
			isa = PBXGroup;
			children = (
				E7C7AA4722D44EE000838767 /* GnomesAPI.swift */,
			);
			path = EndPoint;
			sourceTree = "<group>";
		};
		E7C7AA3122D43FE200838767 /* Manager */ = {
			isa = PBXGroup;
			children = (
				E7C7AA4522D44E2C00838767 /* NetworkManager.swift */,
			);
			path = Manager;
			sourceTree = "<group>";
		};
		E7C7AA3222D43FF700838767 /* Service */ = {
			isa = PBXGroup;
			children = (
				E7C7AA3622D4412E00838767 /* HTTPMethod.swift */,
				E7C7AA3822D4417300838767 /* HTTPTask.swift */,
				E7C7AA4322D446F000838767 /* Router.swift */,
				E7D86B1922D6E36300B0C86F /* Routable.swift */,
			);
			path = Service;
			sourceTree = "<group>";
		};
		E7C7AA3322D43FFF00838767 /* Encoding */ = {
			isa = PBXGroup;
			children = (
				E7C7AA3A22D4430500838767 /* ParameterEncoding.swift */,
				E7D86B1722D6E04A00B0C86F /* JSONParameterEncoder.swift */,
			);
			path = Encoding;
			sourceTree = "<group>";
		};
		E7C7AA4922D4510200838767 /* Models */ = {
			isa = PBXGroup;
			children = (
				E7C7AA4A22D4513400838767 /* GnomesModel.swift */,
			);
			path = Models;
			sourceTree = "<group>";
		};
		E7ED43F522D7066A00E04475 /* Common */ = {
			isa = PBXGroup;
			children = (
				E7ED43F622D706A200E04475 /* LoadableViewController.swift */,
				E7ED440E22D7148500E04475 /* ErrorHandling.swift */,
			);
			path = Common;
			sourceTree = "<group>";
		};
		E7ED43F822D7070800E04475 /* Modules */ = {
			isa = PBXGroup;
			children = (
				E7ED43F922D7071400E04475 /* Home */,
			);
			path = Modules;
			sourceTree = "<group>";
		};
		E7ED43F922D7071400E04475 /* Home */ = {
			isa = PBXGroup;
			children = (
				E7ED43FF22D711B400E04475 /* Model */,
				E7ED43FE22D7119E00E04475 /* Protocols */,
				E7ED43FD22D70FDA00E04475 /* Wireframe */,
				E7ED43FC22D70FC100E04475 /* Presenter */,
				E7ED43FB22D70F9400E04475 /* Interactor */,
				E7ED43FA22D70F8D00E04475 /* View */,
			);
			path = Home;
			sourceTree = "<group>";
		};
		E7ED43FA22D70F8D00E04475 /* View */ = {
			isa = PBXGroup;
			children = (
				E7ED440022D711EE00E04475 /* HomeViewController.swift */,
				E7ED440222D7121E00E04475 /* GnomeViewCell.swift */,
				E7ED441422D85E9700E04475 /* Home.storyboard */,
			);
			path = View;
			sourceTree = "<group>";
		};
		E7ED43FB22D70F9400E04475 /* Interactor */ = {
			isa = PBXGroup;
			children = (
				E7ED440422D7125800E04475 /* HomeInteractor.swift */,
			);
			path = Interactor;
			sourceTree = "<group>";
		};
		E7ED43FC22D70FC100E04475 /* Presenter */ = {
			isa = PBXGroup;
			children = (
				E7ED440622D713BB00E04475 /* HomePresenter.swift */,
			);
			path = Presenter;
			sourceTree = "<group>";
		};
		E7ED43FD22D70FDA00E04475 /* Wireframe */ = {
			isa = PBXGroup;
			children = (
				E7ED440822D713C800E04475 /* HomeWireframe.swift */,
			);
			path = Wireframe;
			sourceTree = "<group>";
		};
		E7ED43FE22D7119E00E04475 /* Protocols */ = {
			isa = PBXGroup;
			children = (
				E7ED440A22D713EF00E04475 /* HomeProtocols.swift */,
			);
			path = Protocols;
			sourceTree = "<group>";
		};
		E7ED43FF22D711B400E04475 /* Model */ = {
			isa = PBXGroup;
			children = (
				E7ED440C22D7141100E04475 /* GnomeViewModel.swift */,
				E7ED441022D71AAE00E04475 /* GnomeCardViewModel.swift */,
			);
			path = Model;
			sourceTree = "<group>";
		};
/* End PBXGroup section */

/* Begin PBXNativeTarget section */
		E7C7AA0B22D43DC300838767 /* Brastlewark */ = {
			isa = PBXNativeTarget;
			buildConfigurationList = E7C7AA2922D43DC500838767 /* Build configuration list for PBXNativeTarget "Brastlewark" */;
			buildPhases = (
				C3583CE4350C2A9955614EF5 /* [CP] Check Pods Manifest.lock */,
				E7C7AA0822D43DC300838767 /* Sources */,
				E7C7AA0922D43DC300838767 /* Frameworks */,
				E7C7AA0A22D43DC300838767 /* Resources */,
				D91DDC183189FE07074ECE86 /* [CP] Embed Pods Frameworks */,
			);
			buildRules = (
			);
			dependencies = (
			);
			name = Brastlewark;
			productName = Brastlewark;
			productReference = E7C7AA0C22D43DC300838767 /* Brastlewark.app */;
			productType = "com.apple.product-type.application";
		};
		E7C7AA1F22D43DC500838767 /* BrastlewarkTests */ = {
			isa = PBXNativeTarget;
			buildConfigurationList = E7C7AA2C22D43DC500838767 /* Build configuration list for PBXNativeTarget "BrastlewarkTests" */;
			buildPhases = (
				E7C7AA1C22D43DC500838767 /* Sources */,
				E7C7AA1D22D43DC500838767 /* Frameworks */,
				E7C7AA1E22D43DC500838767 /* Resources */,
			);
			buildRules = (
			);
			dependencies = (
				E7C7AA2222D43DC500838767 /* PBXTargetDependency */,
			);
			name = BrastlewarkTests;
			productName = BrastlewarkTests;
			productReference = E7C7AA2022D43DC500838767 /* BrastlewarkTests.xctest */;
			productType = "com.apple.product-type.bundle.unit-test";
		};
/* End PBXNativeTarget section */

/* Begin PBXProject section */
		E7C7AA0422D43DC300838767 /* Project object */ = {
			isa = PBXProject;
			attributes = {
				LastSwiftUpdateCheck = 1020;
				LastUpgradeCheck = 1020;
				ORGANIZATIONNAME = Ranfelabs;
				TargetAttributes = {
					E7C7AA0B22D43DC300838767 = {
						CreatedOnToolsVersion = 10.2.1;
					};
					E7C7AA1F22D43DC500838767 = {
						CreatedOnToolsVersion = 10.2.1;
						TestTargetID = E7C7AA0B22D43DC300838767;
					};
				};
			};
			buildConfigurationList = E7C7AA0722D43DC300838767 /* Build configuration list for PBXProject "Brastlewark" */;
			compatibilityVersion = "Xcode 9.3";
			developmentRegion = en;
			hasScannedForEncodings = 0;
			knownRegions = (
				en,
				Base,
			);
			mainGroup = E7C7AA0322D43DC300838767;
			productRefGroup = E7C7AA0D22D43DC300838767 /* Products */;
			projectDirPath = "";
			projectRoot = "";
			targets = (
				E7C7AA0B22D43DC300838767 /* Brastlewark */,
				E7C7AA1F22D43DC500838767 /* BrastlewarkTests */,
			);
		};
/* End PBXProject section */

/* Begin PBXResourcesBuildPhase section */
		E7C7AA0A22D43DC300838767 /* Resources */ = {
			isa = PBXResourcesBuildPhase;
			buildActionMask = 2147483647;
			files = (
				E7C7AA1A22D43DC500838767 /* LaunchScreen.storyboard in Resources */,
				E7C7AA1722D43DC500838767 /* Assets.xcassets in Resources */,
				E7C7AA1522D43DC300838767 /* Main.storyboard in Resources */,
				E7ED441522D85E9700E04475 /* Home.storyboard in Resources */,
			);
			runOnlyForDeploymentPostprocessing = 0;
		};
		E7C7AA1E22D43DC500838767 /* Resources */ = {
			isa = PBXResourcesBuildPhase;
			buildActionMask = 2147483647;
			files = (
			);
			runOnlyForDeploymentPostprocessing = 0;
		};
/* End PBXResourcesBuildPhase section */

/* Begin PBXShellScriptBuildPhase section */
		C3583CE4350C2A9955614EF5 /* [CP] Check Pods Manifest.lock */ = {
			isa = PBXShellScriptBuildPhase;
			buildActionMask = 2147483647;
			files = (
			);
			inputFileListPaths = (
			);
			inputPaths = (
				"${PODS_PODFILE_DIR_PATH}/Podfile.lock",
				"${PODS_ROOT}/Manifest.lock",
			);
			name = "[CP] Check Pods Manifest.lock";
			outputFileListPaths = (
			);
			outputPaths = (
				"$(DERIVED_FILE_DIR)/Pods-Brastlewark-checkManifestLockResult.txt",
			);
			runOnlyForDeploymentPostprocessing = 0;
			shellPath = /bin/sh;
			shellScript = "diff \"${PODS_PODFILE_DIR_PATH}/Podfile.lock\" \"${PODS_ROOT}/Manifest.lock\" > /dev/null\nif [ $? != 0 ] ; then\n    # print error to STDERR\n    echo \"error: The sandbox is not in sync with the Podfile.lock. Run 'pod install' or update your CocoaPods installation.\" >&2\n    exit 1\nfi\n# This output is used by Xcode 'outputs' to avoid re-running this script phase.\necho \"SUCCESS\" > \"${SCRIPT_OUTPUT_FILE_0}\"\n";
			showEnvVarsInLog = 0;
		};
		D91DDC183189FE07074ECE86 /* [CP] Embed Pods Frameworks */ = {
			isa = PBXShellScriptBuildPhase;
			buildActionMask = 2147483647;
			files = (
			);
			inputFileListPaths = (
				"${PODS_ROOT}/Target Support Files/Pods-Brastlewark/Pods-Brastlewark-frameworks-${CONFIGURATION}-input-files.xcfilelist",
			);
			name = "[CP] Embed Pods Frameworks";
			outputFileListPaths = (
				"${PODS_ROOT}/Target Support Files/Pods-Brastlewark/Pods-Brastlewark-frameworks-${CONFIGURATION}-output-files.xcfilelist",
			);
			runOnlyForDeploymentPostprocessing = 0;
			shellPath = /bin/sh;
			shellScript = "\"${PODS_ROOT}/Target Support Files/Pods-Brastlewark/Pods-Brastlewark-frameworks.sh\"\n";
			showEnvVarsInLog = 0;
		};
/* End PBXShellScriptBuildPhase section */

/* Begin PBXSourcesBuildPhase section */
		E7C7AA0822D43DC300838767 /* Sources */ = {
			isa = PBXSourcesBuildPhase;
			buildActionMask = 2147483647;
			files = (
				E7C7AA4822D44EE000838767 /* GnomesAPI.swift in Sources */,
				E7C7AA3B22D4430500838767 /* ParameterEncoding.swift in Sources */,
				E7ED440922D713C800E04475 /* HomeWireframe.swift in Sources */,
				E7ED43F722D706A200E04475 /* LoadableViewController.swift in Sources */,
				E7ED440B22D713EF00E04475 /* HomeProtocols.swift in Sources */,
				E7ED440522D7125800E04475 /* HomeInteractor.swift in Sources */,
				E7C7AA4422D446F000838767 /* Router.swift in Sources */,
				E7C7AA4B22D4513400838767 /* GnomesModel.swift in Sources */,
				E7C7AA4622D44E2C00838767 /* NetworkManager.swift in Sources */,
				E7C7AA3722D4412E00838767 /* HTTPMethod.swift in Sources */,
				E7ED440D22D7141100E04475 /* GnomeViewModel.swift in Sources */,
				E7C7AA3922D4417400838767 /* HTTPTask.swift in Sources */,
				E7ED440322D7121E00E04475 /* GnomeViewCell.swift in Sources */,
				E7D86B1A22D6E36300B0C86F /* Routable.swift in Sources */,
				E7C7AA1222D43DC300838767 /* ViewController.swift in Sources */,
				E7C7AA1022D43DC300838767 /* AppDelegate.swift in Sources */,
				E7ED440122D711EE00E04475 /* HomeViewController.swift in Sources */,
				E7ED441122D71AAE00E04475 /* GnomeCardViewModel.swift in Sources */,
				E7ED440F22D7148500E04475 /* ErrorHandling.swift in Sources */,
				E7D86B1822D6E04A00B0C86F /* JSONParameterEncoder.swift in Sources */,
				E7ED440722D713BB00E04475 /* HomePresenter.swift in Sources */,
			);
			runOnlyForDeploymentPostprocessing = 0;
		};
		E7C7AA1C22D43DC500838767 /* Sources */ = {
			isa = PBXSourcesBuildPhase;
			buildActionMask = 2147483647;
			files = (
				E7C7AA2522D43DC500838767 /* BrastlewarkTests.swift in Sources */,
				E74ACF4422DC417600B072D9 /* HomePresenter.swift in Sources */,
			);
			runOnlyForDeploymentPostprocessing = 0;
		};
/* End PBXSourcesBuildPhase section */

/* Begin PBXTargetDependency section */
		E7C7AA2222D43DC500838767 /* PBXTargetDependency */ = {
			isa = PBXTargetDependency;
			target = E7C7AA0B22D43DC300838767 /* Brastlewark */;
			targetProxy = E7C7AA2122D43DC500838767 /* PBXContainerItemProxy */;
		};
/* End PBXTargetDependency section */

/* Begin PBXVariantGroup section */
		E7C7AA1322D43DC300838767 /* Main.storyboard */ = {
			isa = PBXVariantGroup;
			children = (
				E7C7AA1422D43DC300838767 /* Base */,
			);
			name = Main.storyboard;
			sourceTree = "<group>";
		};
		E7C7AA1822D43DC500838767 /* LaunchScreen.storyboard */ = {
			isa = PBXVariantGroup;
			children = (
				E7C7AA1922D43DC500838767 /* Base */,
			);
			name = LaunchScreen.storyboard;
			sourceTree = "<group>";
		};
/* End PBXVariantGroup section */

/* Begin XCBuildConfiguration section */
		E7C7AA2722D43DC500838767 /* Debug */ = {
			isa = XCBuildConfiguration;
			buildSettings = {
				ALWAYS_SEARCH_USER_PATHS = NO;
				CLANG_ANALYZER_NONNULL = YES;
				CLANG_ANALYZER_NUMBER_OBJECT_CONVERSION = YES_AGGRESSIVE;
				CLANG_CXX_LANGUAGE_STANDARD = "gnu++14";
				CLANG_CXX_LIBRARY = "libc++";
				CLANG_ENABLE_MODULES = YES;
				CLANG_ENABLE_OBJC_ARC = YES;
				CLANG_ENABLE_OBJC_WEAK = YES;
				CLANG_WARN_BLOCK_CAPTURE_AUTORELEASING = YES;
				CLANG_WARN_BOOL_CONVERSION = YES;
				CLANG_WARN_COMMA = YES;
				CLANG_WARN_CONSTANT_CONVERSION = YES;
				CLANG_WARN_DEPRECATED_OBJC_IMPLEMENTATIONS = YES;
				CLANG_WARN_DIRECT_OBJC_ISA_USAGE = YES_ERROR;
				CLANG_WARN_DOCUMENTATION_COMMENTS = YES;
				CLANG_WARN_EMPTY_BODY = YES;
				CLANG_WARN_ENUM_CONVERSION = YES;
				CLANG_WARN_INFINITE_RECURSION = YES;
				CLANG_WARN_INT_CONVERSION = YES;
				CLANG_WARN_NON_LITERAL_NULL_CONVERSION = YES;
				CLANG_WARN_OBJC_IMPLICIT_RETAIN_SELF = YES;
				CLANG_WARN_OBJC_LITERAL_CONVERSION = YES;
				CLANG_WARN_OBJC_ROOT_CLASS = YES_ERROR;
				CLANG_WARN_RANGE_LOOP_ANALYSIS = YES;
				CLANG_WARN_STRICT_PROTOTYPES = YES;
				CLANG_WARN_SUSPICIOUS_MOVE = YES;
				CLANG_WARN_UNGUARDED_AVAILABILITY = YES_AGGRESSIVE;
				CLANG_WARN_UNREACHABLE_CODE = YES;
				CLANG_WARN__DUPLICATE_METHOD_MATCH = YES;
				CODE_SIGN_IDENTITY = "iPhone Developer";
				COPY_PHASE_STRIP = NO;
				DEBUG_INFORMATION_FORMAT = dwarf;
				ENABLE_STRICT_OBJC_MSGSEND = YES;
				ENABLE_TESTABILITY = YES;
				GCC_C_LANGUAGE_STANDARD = gnu11;
				GCC_DYNAMIC_NO_PIC = NO;
				GCC_NO_COMMON_BLOCKS = YES;
				GCC_OPTIMIZATION_LEVEL = 0;
				GCC_PREPROCESSOR_DEFINITIONS = (
					"DEBUG=1",
					"$(inherited)",
				);
				GCC_WARN_64_TO_32_BIT_CONVERSION = YES;
				GCC_WARN_ABOUT_RETURN_TYPE = YES_ERROR;
				GCC_WARN_UNDECLARED_SELECTOR = YES;
				GCC_WARN_UNINITIALIZED_AUTOS = YES_AGGRESSIVE;
				GCC_WARN_UNUSED_FUNCTION = YES;
				GCC_WARN_UNUSED_VARIABLE = YES;
				IPHONEOS_DEPLOYMENT_TARGET = 12.2;
				MTL_ENABLE_DEBUG_INFO = INCLUDE_SOURCE;
				MTL_FAST_MATH = YES;
				ONLY_ACTIVE_ARCH = YES;
				SDKROOT = iphoneos;
				SWIFT_ACTIVE_COMPILATION_CONDITIONS = DEBUG;
				SWIFT_OPTIMIZATION_LEVEL = "-Onone";
			};
			name = Debug;
		};
		E7C7AA2822D43DC500838767 /* Release */ = {
			isa = XCBuildConfiguration;
			buildSettings = {
				ALWAYS_SEARCH_USER_PATHS = NO;
				CLANG_ANALYZER_NONNULL = YES;
				CLANG_ANALYZER_NUMBER_OBJECT_CONVERSION = YES_AGGRESSIVE;
				CLANG_CXX_LANGUAGE_STANDARD = "gnu++14";
				CLANG_CXX_LIBRARY = "libc++";
				CLANG_ENABLE_MODULES = YES;
				CLANG_ENABLE_OBJC_ARC = YES;
				CLANG_ENABLE_OBJC_WEAK = YES;
				CLANG_WARN_BLOCK_CAPTURE_AUTORELEASING = YES;
				CLANG_WARN_BOOL_CONVERSION = YES;
				CLANG_WARN_COMMA = YES;
				CLANG_WARN_CONSTANT_CONVERSION = YES;
				CLANG_WARN_DEPRECATED_OBJC_IMPLEMENTATIONS = YES;
				CLANG_WARN_DIRECT_OBJC_ISA_USAGE = YES_ERROR;
				CLANG_WARN_DOCUMENTATION_COMMENTS = YES;
				CLANG_WARN_EMPTY_BODY = YES;
				CLANG_WARN_ENUM_CONVERSION = YES;
				CLANG_WARN_INFINITE_RECURSION = YES;
				CLANG_WARN_INT_CONVERSION = YES;
				CLANG_WARN_NON_LITERAL_NULL_CONVERSION = YES;
				CLANG_WARN_OBJC_IMPLICIT_RETAIN_SELF = YES;
				CLANG_WARN_OBJC_LITERAL_CONVERSION = YES;
				CLANG_WARN_OBJC_ROOT_CLASS = YES_ERROR;
				CLANG_WARN_RANGE_LOOP_ANALYSIS = YES;
				CLANG_WARN_STRICT_PROTOTYPES = YES;
				CLANG_WARN_SUSPICIOUS_MOVE = YES;
				CLANG_WARN_UNGUARDED_AVAILABILITY = YES_AGGRESSIVE;
				CLANG_WARN_UNREACHABLE_CODE = YES;
				CLANG_WARN__DUPLICATE_METHOD_MATCH = YES;
				CODE_SIGN_IDENTITY = "iPhone Developer";
				COPY_PHASE_STRIP = NO;
				DEBUG_INFORMATION_FORMAT = "dwarf-with-dsym";
				ENABLE_NS_ASSERTIONS = NO;
				ENABLE_STRICT_OBJC_MSGSEND = YES;
				GCC_C_LANGUAGE_STANDARD = gnu11;
				GCC_NO_COMMON_BLOCKS = YES;
				GCC_WARN_64_TO_32_BIT_CONVERSION = YES;
				GCC_WARN_ABOUT_RETURN_TYPE = YES_ERROR;
				GCC_WARN_UNDECLARED_SELECTOR = YES;
				GCC_WARN_UNINITIALIZED_AUTOS = YES_AGGRESSIVE;
				GCC_WARN_UNUSED_FUNCTION = YES;
				GCC_WARN_UNUSED_VARIABLE = YES;
				IPHONEOS_DEPLOYMENT_TARGET = 12.2;
				MTL_ENABLE_DEBUG_INFO = NO;
				MTL_FAST_MATH = YES;
				SDKROOT = iphoneos;
				SWIFT_COMPILATION_MODE = wholemodule;
				SWIFT_OPTIMIZATION_LEVEL = "-O";
				VALIDATE_PRODUCT = YES;
			};
			name = Release;
		};
		E7C7AA2A22D43DC500838767 /* Debug */ = {
			isa = XCBuildConfiguration;
			baseConfigurationReference = 6FD708F38C44F75B435DF332 /* Pods-Brastlewark.debug.xcconfig */;
			buildSettings = {
				ASSETCATALOG_COMPILER_APPICON_NAME = AppIcon;
				CODE_SIGN_STYLE = Automatic;
				DEVELOPMENT_TEAM = T9APG36RLZ;
				INFOPLIST_FILE = Brastlewark/Info.plist;
				LD_RUNPATH_SEARCH_PATHS = (
					"$(inherited)",
					"@executable_path/Frameworks",
				);
				PRODUCT_BUNDLE_IDENTIFIER = ranfeslab.Brastlewark;
				PRODUCT_NAME = "$(TARGET_NAME)";
				SWIFT_VERSION = 5.0;
				TARGETED_DEVICE_FAMILY = 1;
			};
			name = Debug;
		};
		E7C7AA2B22D43DC500838767 /* Release */ = {
			isa = XCBuildConfiguration;
			baseConfigurationReference = C299083E6322DCD118D031D1 /* Pods-Brastlewark.release.xcconfig */;
			buildSettings = {
				ASSETCATALOG_COMPILER_APPICON_NAME = AppIcon;
				CODE_SIGN_STYLE = Automatic;
				DEVELOPMENT_TEAM = T9APG36RLZ;
				INFOPLIST_FILE = Brastlewark/Info.plist;
				LD_RUNPATH_SEARCH_PATHS = (
					"$(inherited)",
					"@executable_path/Frameworks",
				);
				PRODUCT_BUNDLE_IDENTIFIER = ranfeslab.Brastlewark;
				PRODUCT_NAME = "$(TARGET_NAME)";
				SWIFT_VERSION = 5.0;
				TARGETED_DEVICE_FAMILY = 1;
			};
			name = Release;
		};
		E7C7AA2D22D43DC500838767 /* Debug */ = {
			isa = XCBuildConfiguration;
			buildSettings = {
				ALWAYS_EMBED_SWIFT_STANDARD_LIBRARIES = YES;
				BUNDLE_LOADER = "$(TEST_HOST)";
				CODE_SIGN_STYLE = Automatic;
				DEVELOPMENT_TEAM = T9APG36RLZ;
				INFOPLIST_FILE = BrastlewarkTests/Info.plist;
				LD_RUNPATH_SEARCH_PATHS = (
					"$(inherited)",
					"@executable_path/Frameworks",
					"@loader_path/Frameworks",
				);
				PRODUCT_BUNDLE_IDENTIFIER = ranfeslab.BrastlewarkTests;
				PRODUCT_NAME = "$(TARGET_NAME)";
				SWIFT_VERSION = 5.0;
				TARGETED_DEVICE_FAMILY = "1,2";
				TEST_HOST = "$(BUILT_PRODUCTS_DIR)/Brastlewark.app/Brastlewark";
			};
			name = Debug;
		};
		E7C7AA2E22D43DC500838767 /* Release */ = {
			isa = XCBuildConfiguration;
			buildSettings = {
				ALWAYS_EMBED_SWIFT_STANDARD_LIBRARIES = YES;
				BUNDLE_LOADER = "$(TEST_HOST)";
				CODE_SIGN_STYLE = Automatic;
				DEVELOPMENT_TEAM = T9APG36RLZ;
				INFOPLIST_FILE = BrastlewarkTests/Info.plist;
				LD_RUNPATH_SEARCH_PATHS = (
					"$(inherited)",
					"@executable_path/Frameworks",
					"@loader_path/Frameworks",
				);
				PRODUCT_BUNDLE_IDENTIFIER = ranfeslab.BrastlewarkTests;
				PRODUCT_NAME = "$(TARGET_NAME)";
				SWIFT_VERSION = 5.0;
				TARGETED_DEVICE_FAMILY = "1,2";
				TEST_HOST = "$(BUILT_PRODUCTS_DIR)/Brastlewark.app/Brastlewark";
			};
			name = Release;
		};
/* End XCBuildConfiguration section */

/* Begin XCConfigurationList section */
		E7C7AA0722D43DC300838767 /* Build configuration list for PBXProject "Brastlewark" */ = {
			isa = XCConfigurationList;
			buildConfigurations = (
				E7C7AA2722D43DC500838767 /* Debug */,
				E7C7AA2822D43DC500838767 /* Release */,
			);
			defaultConfigurationIsVisible = 0;
			defaultConfigurationName = Release;
		};
		E7C7AA2922D43DC500838767 /* Build configuration list for PBXNativeTarget "Brastlewark" */ = {
			isa = XCConfigurationList;
			buildConfigurations = (
				E7C7AA2A22D43DC500838767 /* Debug */,
				E7C7AA2B22D43DC500838767 /* Release */,
			);
			defaultConfigurationIsVisible = 0;
			defaultConfigurationName = Release;
		};
		E7C7AA2C22D43DC500838767 /* Build configuration list for PBXNativeTarget "BrastlewarkTests" */ = {
			isa = XCConfigurationList;
			buildConfigurations = (
				E7C7AA2D22D43DC500838767 /* Debug */,
				E7C7AA2E22D43DC500838767 /* Release */,
			);
			defaultConfigurationIsVisible = 0;
			defaultConfigurationName = Release;
		};
/* End XCConfigurationList section */
	};
	rootObject = E7C7AA0422D43DC300838767 /* Project object */;
}
